
Microsoft Visual Studio Solution File, Format Version 12.00
# Visual Studio 15
VisualStudioVersion = 15.0.26228.9
MinimumVisualStudioVersion = 10.0.40219.1
Project("{FAE04EC0-301F-11D3-BF4B-00C04F79EFBC}") = "PluginLibrary", "PluginLibrary\PluginLibrary.csproj", "{8D4B588A-28CC-429C-B6A1-EDDA1A9E4BC3}"
EndProject
Project("{FAE04EC0-301F-11D3-BF4B-00C04F79EFBC}") = "ConsoleDemo", "ConsoleDemo\ConsoleDemo.csproj", "{DD43368B-21BA-4838-8D71-5A176084E858}"
	ProjectSection(ProjectDependencies) = postProject
		{8D4B588A-28CC-429C-B6A1-EDDA1A9E4BC3} = {8D4B588A-28CC-429C-B6A1-EDDA1A9E4BC3}
	EndProjectSection
EndProject
Global
	GlobalSection(SolutionConfigurationPlatforms) = preSolution
		Debug|Any CPU = Debug|Any CPU
		Release|Any CPU = Release|Any CPU
	EndGlobalSection
	GlobalSection(ProjectConfigurationPlatforms) = postSolution
		{8D4B588A-28CC-429C-B6A1-EDDA1A9E4BC3}.Debug|Any CPU.ActiveCfg = Debug|Any CPU
		{8D4B588A-28CC-429C-B6A1-EDDA1A9E4BC3}.Debug|Any CPU.Build.0 = Debug|Any CPU
		{8D4B588A-28CC-429C-B6A1-EDDA1A9E4BC3}.Release|Any CPU.ActiveCfg = Release|Any CPU
		{8D4B588A-28CC-429C-B6A1-EDDA1A9E4BC3}.Release|Any CPU.Build.0 = Release|Any CPU
		{DD43368B-21BA-4838-8D71-5A176084E858}.Debug|Any CPU.ActiveCfg = Debug|Any CPU
		{DD43368B-21BA-4838-8D71-5A176084E858}.Debug|Any CPU.Build.0 = Debug|Any CPU
		{DD43368B-21BA-4838-8D71-5A176084E858}.Release|Any CPU.ActiveCfg = Release|Any CPU
		{DD43368B-21BA-4838-8D71-5A176084E858}.Release|Any CPU.Build.0 = Release|Any CPU
	EndGlobalSection
	GlobalSection(SolutionProperties) = preSolution
		HideSolutionNode = FALSE
	EndGlobalSection
EndGlobal
